
Microsoft Visual Studio Solution File, Format Version 12.00
# Visual Studio Version 16
VisualStudioVersion = 16.0.31321.278
MinimumVisualStudioVersion = 10.0.40219.1
Project("{00D1A9C2-B5F0-4AF3-8072-F6C62B433612}") = "BaseDatos", "BaseDatos\BaseDatos.sqlproj", "{4B96F5EB-247E-420F-A187-8017C42790A7}"
EndProject
Project("{9A19103F-16F7-4668-BE54-9A1E7A4F7556}") = "BD", "BD\BD.csproj", "{90C80789-1E12-48FB-81BE-1424A98D21A9}"
EndProject
Project("{9A19103F-16F7-4668-BE54-9A1E7A4F7556}") = "Entity", "Entity\Entity.csproj", "{72289136-6DB8-4C83-B652-E6B6DD2645B7}"
EndProject
Project("{9A19103F-16F7-4668-BE54-9A1E7A4F7556}") = "WBL", "WBL\WBL.csproj", "{B61D60BA-94F2-48EB-A5B9-8E8D7F5DFB42}"
EndProject
Project("{9A19103F-16F7-4668-BE54-9A1E7A4F7556}") = "WebApp", "WebApp\WebApp.csproj", "{477F95A2-154F-45BB-A19E-8911F3FD513C}"
EndProject
Project("{FAE04EC0-301F-11D3-BF4B-00C04F79EFBC}") = "WebApiRest", "WebApiRest\WebApiRest.csproj", "{909E8287-5AB1-4C7E-B25B-78F00895ABBD}"
EndProject
Global
	GlobalSection(SolutionConfigurationPlatforms) = preSolution
		Debug|Any CPU = Debug|Any CPU
		Release|Any CPU = Release|Any CPU
	EndGlobalSection
	GlobalSection(ProjectConfigurationPlatforms) = postSolution
		{4B96F5EB-247E-420F-A187-8017C42790A7}.Debug|Any CPU.ActiveCfg = Debug|Any CPU
		{4B96F5EB-247E-420F-A187-8017C42790A7}.Debug|Any CPU.Build.0 = Debug|Any CPU
		{4B96F5EB-247E-420F-A187-8017C42790A7}.Debug|Any CPU.Deploy.0 = Debug|Any CPU
		{4B96F5EB-247E-420F-A187-8017C42790A7}.Release|Any CPU.ActiveCfg = Release|Any CPU
		{4B96F5EB-247E-420F-A187-8017C42790A7}.Release|Any CPU.Build.0 = Release|Any CPU
		{4B96F5EB-247E-420F-A187-8017C42790A7}.Release|Any CPU.Deploy.0 = Release|Any CPU
		{90C80789-1E12-48FB-81BE-1424A98D21A9}.Debug|Any CPU.ActiveCfg = Debug|Any CPU
		{90C80789-1E12-48FB-81BE-1424A98D21A9}.Debug|Any CPU.Build.0 = Debug|Any CPU
		{90C80789-1E12-48FB-81BE-1424A98D21A9}.Release|Any CPU.ActiveCfg = Release|Any CPU
		{90C80789-1E12-48FB-81BE-1424A98D21A9}.Release|Any CPU.Build.0 = Release|Any CPU
		{72289136-6DB8-4C83-B652-E6B6DD2645B7}.Debug|Any CPU.ActiveCfg = Debug|Any CPU
		{72289136-6DB8-4C83-B652-E6B6DD2645B7}.Debug|Any CPU.Build.0 = Debug|Any CPU
		{72289136-6DB8-4C83-B652-E6B6DD2645B7}.Release|Any CPU.ActiveCfg = Release|Any CPU
		{72289136-6DB8-4C83-B652-E6B6DD2645B7}.Release|Any CPU.Build.0 = Release|Any CPU
		{B61D60BA-94F2-48EB-A5B9-8E8D7F5DFB42}.Debug|Any CPU.ActiveCfg = Debug|Any CPU
		{B61D60BA-94F2-48EB-A5B9-8E8D7F5DFB42}.Debug|Any CPU.Build.0 = Debug|Any CPU
		{B61D60BA-94F2-48EB-A5B9-8E8D7F5DFB42}.Release|Any CPU.ActiveCfg = Release|Any CPU
		{B61D60BA-94F2-48EB-A5B9-8E8D7F5DFB42}.Release|Any CPU.Build.0 = Release|Any CPU
		{477F95A2-154F-45BB-A19E-8911F3FD513C}.Debug|Any CPU.ActiveCfg = Debug|Any CPU
		{477F95A2-154F-45BB-A19E-8911F3FD513C}.Debug|Any CPU.Build.0 = Debug|Any CPU
		{477F95A2-154F-45BB-A19E-8911F3FD513C}.Release|Any CPU.ActiveCfg = Release|Any CPU
		{477F95A2-154F-45BB-A19E-8911F3FD513C}.Release|Any CPU.Build.0 = Release|Any CPU
		{909E8287-5AB1-4C7E-B25B-78F00895ABBD}.Debug|Any CPU.ActiveCfg = Debug|Any CPU
		{909E8287-5AB1-4C7E-B25B-78F00895ABBD}.Debug|Any CPU.Build.0 = Debug|Any CPU
		{909E8287-5AB1-4C7E-B25B-78F00895ABBD}.Release|Any CPU.ActiveCfg = Release|Any CPU
		{909E8287-5AB1-4C7E-B25B-78F00895ABBD}.Release|Any CPU.Build.0 = Release|Any CPU
	EndGlobalSection
	GlobalSection(SolutionProperties) = preSolution
		HideSolutionNode = FALSE
	EndGlobalSection
	GlobalSection(ExtensibilityGlobals) = postSolution
		SolutionGuid = {FA1082CC-22D7-4E58-A23A-7F078B5A3409}
	EndGlobalSection
EndGlobal
